
Microsoft Visual Studio Solution File, Format Version 12.00
# Visual Studio 2013
Project("{FAE04EC0-301F-11D3-BF4B-00C04F79EFBC}") = "UnityVS.Labrynith Porject.CSharp", "UnityVS.Labrynith Porject.CSharp.csproj", "{BBFA96E2-328F-BE7C-E2E0-98CD99B1B6EF}"
EndProject
Project("{FAE04EC0-301F-11D3-BF4B-00C04F79EFBC}") = "UnityVS.Labrynith Porject.CSharp.Editor", "UnityVS.Labrynith Porject.CSharp.Editor.csproj", "{34DA2817-F055-709F-5FB0-C24B92008EA5}"
EndProject
Global
	GlobalSection(SolutionConfigurationPlatforms) = preSolution
		Debug|Any CPU = Debug|Any CPU
		Release|Any CPU = Release|Any CPU
	EndGlobalSection
	GlobalSection(ProjectConfigurationPlatforms) = postSolution
		{BBFA96E2-328F-BE7C-E2E0-98CD99B1B6EF}.Debug|Any CPU.ActiveCfg = Debug|Any CPU
		{BBFA96E2-328F-BE7C-E2E0-98CD99B1B6EF}.Debug|Any CPU.Build.0 = Debug|Any CPU
		{BBFA96E2-328F-BE7C-E2E0-98CD99B1B6EF}.Release|Any CPU.ActiveCfg = Release|Any CPU
		{BBFA96E2-328F-BE7C-E2E0-98CD99B1B6EF}.Release|Any CPU.Build.0 = Release|Any CPU
		{34DA2817-F055-709F-5FB0-C24B92008EA5}.Debug|Any CPU.ActiveCfg = Debug|Any CPU
		{34DA2817-F055-709F-5FB0-C24B92008EA5}.Debug|Any CPU.Build.0 = Debug|Any CPU
		{34DA2817-F055-709F-5FB0-C24B92008EA5}.Release|Any CPU.ActiveCfg = Release|Any CPU
		{34DA2817-F055-709F-5FB0-C24B92008EA5}.Release|Any CPU.Build.0 = Release|Any CPU
	EndGlobalSection
	GlobalSection(SolutionProperties) = preSolution
		HideSolutionNode = FALSE
	EndGlobalSection
EndGlobal
